
Microsoft Visual Studio Solution File, Format Version 12.00
# Visual Studio Version 17
VisualStudioVersion = 17.11.35222.181
MinimumVisualStudioVersion = 10.0.40219.1
Project("{FAE04EC0-301F-11D3-BF4B-00C04F79EFBC}") = "NotisissimusSimpleSearch", "NotisissimusSimpleSearch\NotisissimusSimpleSearch.csproj", "{B802C222-E6CF-41BD-A375-4913EE994069}"
EndProject
Global
	GlobalSection(SolutionConfigurationPlatforms) = preSolution
		Debug|Any CPU = Debug|Any CPU
		Release|Any CPU = Release|Any CPU
	EndGlobalSection
	GlobalSection(ProjectConfigurationPlatforms) = postSolution
		{B802C222-E6CF-41BD-A375-4913EE994069}.Debug|Any CPU.ActiveCfg = Debug|Any CPU
		{B802C222-E6CF-41BD-A375-4913EE994069}.Debug|Any CPU.Build.0 = Debug|Any CPU
		{B802C222-E6CF-41BD-A375-4913EE994069}.Release|Any CPU.ActiveCfg = Release|Any CPU
		{B802C222-E6CF-41BD-A375-4913EE994069}.Release|Any CPU.Build.0 = Release|Any CPU
	EndGlobalSection
	GlobalSection(SolutionProperties) = preSolution
		HideSolutionNode = FALSE
	EndGlobalSection
	GlobalSection(ExtensibilityGlobals) = postSolution
		SolutionGuid = {8FBC479F-4163-4542-AA41-45B000A9F2B5}
	EndGlobalSection
EndGlobal
